{
  "name": "react-native-lunchme",
  "lockfileVersion": 3,
  "requires": true,
  "packages": {
    "": {
      "dependencies": {
        "buffett-lunch-model": "github:the-Buffett-Lunch-Project/Buffett-Lunch-Model"
      }
    },
    "node_modules/buffett-lunch-model": {
      "version": "1.0.0",
      "resolved": "git+ssh://git@github.com/the-Buffett-Lunch-Project/Buffett-Lunch-Model.git#3741421f6c80db29959b4b57bf7a3a159f6b2657",
      "license": "ISC"
    }
  }
}
